{
  "pins" : [
    {
      "identity" : "defaults",
      "kind" : "remoteSourceControl",
      "location" : "https://github.com/sindresorhus/Defaults.git",
      "state" : {
        "branch" : "main",
        "revision" : "d8a9f5105607c85b544558e7f5b51d6c360ba88b"
      }
    },
    {
      "identity" : "fontpicker",
      "kind" : "remoteSourceControl",
      "location" : "https://github.com/tyagishi/FontPicker.git",
      "state" : {
        "revision" : "b11a5c4334c7b130d4e7463d637e7ba2a725e90b",
        "version" : "1.2.0"
      }
    },
    {
      "identity" : "swiftterm",
      "kind" : "remoteSourceControl",
      "location" : "https://github.com/Frostplexx/SwiftTerm.git",
      "state" : {
        "branch" : "main",
        "revision" : "ab6b74a8856e18d760201d8fb2392aacefaec646"
      }
    }
  ],
  "version" : 2
}
