{
  "pins" : [
    {
      "identity" : "defaults",
      "kind" : "remoteSourceControl",
      "location" : "https://github.com/sindresorhus/Defaults",
      "state" : {
        "revision" : "3efef5a28ebdbbe922d4a2049493733ed14475a6",
        "version" : "7.3.1"
      }
    },
    {
      "identity" : "fontpicker",
      "kind" : "remoteSourceControl",
      "location" : "https://github.com/tyagishi/FontPicker",
      "state" : {
        "revision" : "b11a5c4334c7b130d4e7463d637e7ba2a725e90b",
        "version" : "1.2.0"
      }
    },
    {
      "identity" : "swiftterm",
      "kind" : "remoteSourceControl",
      "location" : "https://github.com/Frostplexx/SwiftTerm",
      "state" : {
        "branch" : "main",
        "revision" : "5aa14a3dc18f740e767d2a6a798fdcfdd372ec5e"
      }
    }
  ],
  "version" : 2
}
